
Microsoft Visual Studio Solution File, Format Version 12.00
# Visual Studio 15
VisualStudioVersion = 15.0.27428.2015
MinimumVisualStudioVersion = 10.0.40219.1
Project("{FAE04EC0-301F-11D3-BF4B-00C04F79EFBC}") = "api-test-automation", "api-test-automation\api-test-automation.csproj", "{9BD2DA0C-CD99-4BEF-9CFA-B9F8212B1553}"
EndProject
Global
	GlobalSection(SolutionConfigurationPlatforms) = preSolution
		Debug|Any CPU = Debug|Any CPU
		Release|Any CPU = Release|Any CPU
	EndGlobalSection
	GlobalSection(ProjectConfigurationPlatforms) = postSolution
		{9BD2DA0C-CD99-4BEF-9CFA-B9F8212B1553}.Debug|Any CPU.ActiveCfg = Debug|Any CPU
		{9BD2DA0C-CD99-4BEF-9CFA-B9F8212B1553}.Debug|Any CPU.Build.0 = Debug|Any CPU
		{9BD2DA0C-CD99-4BEF-9CFA-B9F8212B1553}.Release|Any CPU.ActiveCfg = Release|Any CPU
		{9BD2DA0C-CD99-4BEF-9CFA-B9F8212B1553}.Release|Any CPU.Build.0 = Release|Any CPU
	EndGlobalSection
	GlobalSection(SolutionProperties) = preSolution
		HideSolutionNode = FALSE
	EndGlobalSection
	GlobalSection(ExtensibilityGlobals) = postSolution
		SolutionGuid = {6BDC980C-E877-4A0C-A5E2-DA31EAC90C5D}
	EndGlobalSection
EndGlobal
